
Microsoft Visual Studio Solution File, Format Version 12.00
# Visual Studio 15
Project("{FAE04EC0-301F-11D3-BF4B-00C04F79EFBC}") = "Assembly-CSharp", "Assembly-CSharp.csproj", "{FE964D81-9B2F-2BF7-CA68-04772D732F96}"
EndProject
Project("{FAE04EC0-301F-11D3-BF4B-00C04F79EFBC}") = "Assembly-CSharp-Editor", "Assembly-CSharp-Editor.csproj", "{0CB97744-983F-3806-31CB-986F9F9B0085}"
EndProject
Global
	GlobalSection(SolutionConfigurationPlatforms) = preSolution
		Debug|Any CPU = Debug|Any CPU
		Release|Any CPU = Release|Any CPU
	EndGlobalSection
	GlobalSection(ProjectConfigurationPlatforms) = postSolution
		{FE964D81-9B2F-2BF7-CA68-04772D732F96}.Debug|Any CPU.ActiveCfg = Debug|Any CPU
		{FE964D81-9B2F-2BF7-CA68-04772D732F96}.Debug|Any CPU.Build.0 = Debug|Any CPU
		{FE964D81-9B2F-2BF7-CA68-04772D732F96}.Release|Any CPU.ActiveCfg = Release|Any CPU
		{FE964D81-9B2F-2BF7-CA68-04772D732F96}.Release|Any CPU.Build.0 = Release|Any CPU
		{0CB97744-983F-3806-31CB-986F9F9B0085}.Debug|Any CPU.ActiveCfg = Debug|Any CPU
		{0CB97744-983F-3806-31CB-986F9F9B0085}.Debug|Any CPU.Build.0 = Debug|Any CPU
		{0CB97744-983F-3806-31CB-986F9F9B0085}.Release|Any CPU.ActiveCfg = Release|Any CPU
		{0CB97744-983F-3806-31CB-986F9F9B0085}.Release|Any CPU.Build.0 = Release|Any CPU
	EndGlobalSection
	GlobalSection(SolutionProperties) = preSolution
		HideSolutionNode = FALSE
	EndGlobalSection
EndGlobal
